{
  "version": 4,
  "terraform_version": "1.5.7",
  "serial": 11,
  "lineage": "7939e867-ffca-ed9f-d6e3-4e2d61386c64",
  "outputs": {
    "subnet_ids": {
      "value": {
        "private_production": "subnet-098b815c7aebe8cfd",
        "private_staging": "subnet-09c208d95ff86a9d2",
        "public_production": "subnet-0e65c12b1807bfbf5",
        "public_staging": "subnet-002378df3f928dfaf"
      },
      "type": [
        "object",
        {
          "private_production": "string",
          "private_staging": "string",
          "public_production": "string",
          "public_staging": "string"
        }
      ]
    },
    "vpc_id": {
      "value": "vpc-0a9ec014e53637a32",
      "type": "string"
    }
  },
  "resources": [
    {
      "mode": "managed",
      "type": "aws_subnet",
      "name": "this",
      "provider": "provider[\"registry.terraform.io/hashicorp/aws\"]",
      "instances": [
        {
          "index_key": "private_production",
          "schema_version": 1,
          "attributes": {
            "arn": "arn:aws:ec2:eu-central-1:329599638481:subnet/subnet-098b815c7aebe8cfd",
            "assign_ipv6_address_on_creation": false,
            "availability_zone": "eu-central-1b",
            "availability_zone_id": "euc1-az3",
            "cidr_block": "10.0.4.0/24",
            "customer_owned_ipv4_pool": "",
            "enable_dns64": false,
            "enable_lni_at_device_index": 0,
            "enable_resource_name_dns_a_record_on_launch": false,
            "enable_resource_name_dns_aaaa_record_on_launch": false,
            "id": "subnet-098b815c7aebe8cfd",
            "ipv6_cidr_block": "",
            "ipv6_cidr_block_association_id": "",
            "ipv6_native": false,
            "map_customer_owned_ip_on_launch": false,
            "map_public_ip_on_launch": false,
            "outpost_arn": "",
            "owner_id": "329599638481",
            "private_dns_hostname_type_on_launch": "ip-name",
            "tags": {
              "Name": "private-production-subnet"
            },
            "tags_all": {
              "Name": "private-production-subnet"
            },
            "timeouts": null,
            "vpc_id": "vpc-0a9ec014e53637a32"
          },
          "sensitive_attributes": [],
          "private": "eyJlMmJmYjczMC1lY2FhLTExZTYtOGY4OC0zNDM2M2JjN2M0YzAiOnsiY3JlYXRlIjo2MDAwMDAwMDAwMDAsImRlbGV0ZSI6MTIwMDAwMDAwMDAwMH0sInNjaGVtYV92ZXJzaW9uIjoiMSJ9",
          "dependencies": [
            "aws_vpc.main"
          ]
        },
        {
          "index_key": "private_staging",
          "schema_version": 1,
          "attributes": {
            "arn": "arn:aws:ec2:eu-central-1:329599638481:subnet/subnet-09c208d95ff86a9d2",
            "assign_ipv6_address_on_creation": false,
            "availability_zone": "eu-central-1a",
            "availability_zone_id": "euc1-az2",
            "cidr_block": "10.0.3.0/24",
            "customer_owned_ipv4_pool": "",
            "enable_dns64": false,
            "enable_lni_at_device_index": 0,
            "enable_resource_name_dns_a_record_on_launch": false,
            "enable_resource_name_dns_aaaa_record_on_launch": false,
            "id": "subnet-09c208d95ff86a9d2",
            "ipv6_cidr_block": "",
            "ipv6_cidr_block_association_id": "",
            "ipv6_native": false,
            "map_customer_owned_ip_on_launch": false,
            "map_public_ip_on_launch": false,
            "outpost_arn": "",
            "owner_id": "329599638481",
            "private_dns_hostname_type_on_launch": "ip-name",
            "tags": {
              "Name": "private-staging-subnet"
            },
            "tags_all": {
              "Name": "private-staging-subnet"
            },
            "timeouts": null,
            "vpc_id": "vpc-0a9ec014e53637a32"
          },
          "sensitive_attributes": [],
          "private": "eyJlMmJmYjczMC1lY2FhLTExZTYtOGY4OC0zNDM2M2JjN2M0YzAiOnsiY3JlYXRlIjo2MDAwMDAwMDAwMDAsImRlbGV0ZSI6MTIwMDAwMDAwMDAwMH0sInNjaGVtYV92ZXJzaW9uIjoiMSJ9",
          "dependencies": [
            "aws_vpc.main"
          ]
        },
        {
          "index_key": "public_production",
          "schema_version": 1,
          "attributes": {
            "arn": "arn:aws:ec2:eu-central-1:329599638481:subnet/subnet-0e65c12b1807bfbf5",
            "assign_ipv6_address_on_creation": false,
            "availability_zone": "eu-central-1b",
            "availability_zone_id": "euc1-az3",
            "cidr_block": "10.0.2.0/24",
            "customer_owned_ipv4_pool": "",
            "enable_dns64": false,
            "enable_lni_at_device_index": 0,
            "enable_resource_name_dns_a_record_on_launch": false,
            "enable_resource_name_dns_aaaa_record_on_launch": false,
            "id": "subnet-0e65c12b1807bfbf5",
            "ipv6_cidr_block": "",
            "ipv6_cidr_block_association_id": "",
            "ipv6_native": false,
            "map_customer_owned_ip_on_launch": false,
            "map_public_ip_on_launch": true,
            "outpost_arn": "",
            "owner_id": "329599638481",
            "private_dns_hostname_type_on_launch": "ip-name",
            "tags": {
              "Name": "public-production-subnet"
            },
            "tags_all": {
              "Name": "public-production-subnet"
            },
            "timeouts": null,
            "vpc_id": "vpc-0a9ec014e53637a32"
          },
          "sensitive_attributes": [],
          "private": "eyJlMmJmYjczMC1lY2FhLTExZTYtOGY4OC0zNDM2M2JjN2M0YzAiOnsiY3JlYXRlIjo2MDAwMDAwMDAwMDAsImRlbGV0ZSI6MTIwMDAwMDAwMDAwMH0sInNjaGVtYV92ZXJzaW9uIjoiMSJ9",
          "dependencies": [
            "aws_vpc.main"
          ]
        },
        {
          "index_key": "public_staging",
          "schema_version": 1,
          "attributes": {
            "arn": "arn:aws:ec2:eu-central-1:329599638481:subnet/subnet-002378df3f928dfaf",
            "assign_ipv6_address_on_creation": false,
            "availability_zone": "eu-central-1a",
            "availability_zone_id": "euc1-az2",
            "cidr_block": "10.0.1.0/24",
            "customer_owned_ipv4_pool": "",
            "enable_dns64": false,
            "enable_lni_at_device_index": 0,
            "enable_resource_name_dns_a_record_on_launch": false,
            "enable_resource_name_dns_aaaa_record_on_launch": false,
            "id": "subnet-002378df3f928dfaf",
            "ipv6_cidr_block": "",
            "ipv6_cidr_block_association_id": "",
            "ipv6_native": false,
            "map_customer_owned_ip_on_launch": false,
            "map_public_ip_on_launch": true,
            "outpost_arn": "",
            "owner_id": "329599638481",
            "private_dns_hostname_type_on_launch": "ip-name",
            "tags": {
              "Name": "public-staging-subnet"
            },
            "tags_all": {
              "Name": "public-staging-subnet"
            },
            "timeouts": null,
            "vpc_id": "vpc-0a9ec014e53637a32"
          },
          "sensitive_attributes": [],
          "private": "eyJlMmJmYjczMC1lY2FhLTExZTYtOGY4OC0zNDM2M2JjN2M0YzAiOnsiY3JlYXRlIjo2MDAwMDAwMDAwMDAsImRlbGV0ZSI6MTIwMDAwMDAwMDAwMH0sInNjaGVtYV92ZXJzaW9uIjoiMSJ9",
          "dependencies": [
            "aws_vpc.main"
          ]
        }
      ]
    },
    {
      "mode": "managed",
      "type": "aws_vpc",
      "name": "main",
      "provider": "provider[\"registry.terraform.io/hashicorp/aws\"]",
      "instances": [
        {
          "schema_version": 1,
          "attributes": {
            "arn": "arn:aws:ec2:eu-central-1:329599638481:vpc/vpc-0a9ec014e53637a32",
            "assign_generated_ipv6_cidr_block": false,
            "cidr_block": "10.0.0.0/16",
            "default_network_acl_id": "acl-00d1e75b81085c5e4",
            "default_route_table_id": "rtb-0af9e63584450a79f",
            "default_security_group_id": "sg-0619b635ccce7ecec",
            "dhcp_options_id": "dopt-023ac910db35f8f92",
            "enable_dns_hostnames": true,
            "enable_dns_support": true,
            "enable_network_address_usage_metrics": false,
            "id": "vpc-0a9ec014e53637a32",
            "instance_tenancy": "default",
            "ipv4_ipam_pool_id": null,
            "ipv4_netmask_length": null,
            "ipv6_association_id": "",
            "ipv6_cidr_block": "",
            "ipv6_cidr_block_network_border_group": "",
            "ipv6_ipam_pool_id": "",
            "ipv6_netmask_length": 0,
            "main_route_table_id": "rtb-0af9e63584450a79f",
            "owner_id": "329599638481",
            "tags": {
              "Name": "my-vpc"
            },
            "tags_all": {
              "Name": "my-vpc"
            }
          },
          "sensitive_attributes": [],
          "private": "eyJzY2hlbWFfdmVyc2lvbiI6IjEifQ=="
        }
      ]
    }
  ],
  "check_results": null
}
